
Microsoft Visual Studio Solution File, Format Version 12.00
# Visual Studio Version 16
VisualStudioVersion = 16.0.30804.86
MinimumVisualStudioVersion = 10.0.40219.1
Project("{8BC9CEB8-8B4A-11D0-8D11-00A0C91BC942}") = "Inverted Shapes", "Inverted Shapes.vcxproj", "{DC33C39F-DB16-4C4D-B5FB-9D82CDA93795}"
EndProject
Global
	GlobalSection(SolutionConfigurationPlatforms) = preSolution
		Debug|x64 = Debug|x64
		Debug|x86 = Debug|x86
		Release|x64 = Release|x64
		Release|x86 = Release|x86
	EndGlobalSection
	GlobalSection(ProjectConfigurationPlatforms) = postSolution
		{DC33C39F-DB16-4C4D-B5FB-9D82CDA93795}.Debug|x64.ActiveCfg = Debug|x64
		{DC33C39F-DB16-4C4D-B5FB-9D82CDA93795}.Debug|x64.Build.0 = Debug|x64
		{DC33C39F-DB16-4C4D-B5FB-9D82CDA93795}.Debug|x86.ActiveCfg = Debug|Win32
		{DC33C39F-DB16-4C4D-B5FB-9D82CDA93795}.Debug|x86.Build.0 = Debug|Win32
		{DC33C39F-DB16-4C4D-B5FB-9D82CDA93795}.Release|x64.ActiveCfg = Release|x64
		{DC33C39F-DB16-4C4D-B5FB-9D82CDA93795}.Release|x64.Build.0 = Release|x64
		{DC33C39F-DB16-4C4D-B5FB-9D82CDA93795}.Release|x86.ActiveCfg = Release|Win32
		{DC33C39F-DB16-4C4D-B5FB-9D82CDA93795}.Release|x86.Build.0 = Release|Win32
	EndGlobalSection
	GlobalSection(SolutionProperties) = preSolution
		HideSolutionNode = FALSE
	EndGlobalSection
	GlobalSection(ExtensibilityGlobals) = postSolution
		SolutionGuid = {DB09CCFD-841A-443A-AA7E-66D319530681}
	EndGlobalSection
EndGlobal
